
Microsoft Visual Studio Solution File, Format Version 12.00
# Visual Studio Version 17
VisualStudioVersion = 17.3.32901.215
MinimumVisualStudioVersion = 10.0.40219.1
Project("{9A19103F-16F7-4668-BE54-9A1E7A4F7556}") = "ConsoleApp", "ConsoleApp\ConsoleApp.csproj", "{E9B27846-5FB2-44F3-92F9-B6C85DDD7A76}"
EndProject
Project("{9A19103F-16F7-4668-BE54-9A1E7A4F7556}") = "BoxingAndUnBoxing", "BoxingAndUnBoxing\BoxingAndUnBoxing.csproj", "{45F4699E-746B-428D-BE3E-0DA1887A8D89}"
EndProject
Project("{9A19103F-16F7-4668-BE54-9A1E7A4F7556}") = "Class", "Class\Class.csproj", "{1ADEB137-3336-4E21-B176-C94D24D86F35}"
EndProject
Project("{9A19103F-16F7-4668-BE54-9A1E7A4F7556}") = "Constructor", "Constructor\Constructor.csproj", "{DCB288FF-7233-43EB-BB73-B2768CAE7A21}"
EndProject
Project("{9A19103F-16F7-4668-BE54-9A1E7A4F7556}") = "Parameter", "Parameter\Parameter.csproj", "{944A4C26-D48B-4F0F-BF2F-AAD28DBE1BE0}"
EndProject
Project("{9A19103F-16F7-4668-BE54-9A1E7A4F7556}") = "Override", "Override\Override.csproj", "{A2028ABF-3532-4DED-8487-6898C76A7B5D}"
EndProject
Project("{9A19103F-16F7-4668-BE54-9A1E7A4F7556}") = "Casting", "Casting\Casting.csproj", "{E593040F-A373-46EB-A149-536A85ED06FB}"
EndProject
Project("{9A19103F-16F7-4668-BE54-9A1E7A4F7556}") = "Interface", "Interface\Interface.csproj", "{D53F41C8-E6A3-41E0-95B8-81BCF7F5D727}"
EndProject
Project("{9A19103F-16F7-4668-BE54-9A1E7A4F7556}") = "Abstract", "Abstract\Abstract.csproj", "{0D568DB4-E3E9-4162-8A75-E8A9C29C50AF}"
EndProject
Project("{9A19103F-16F7-4668-BE54-9A1E7A4F7556}") = "Delegate", "Delegate\Delegate.csproj", "{A0A6846D-212C-4952-BD07-BEA8C133729E}"
EndProject
Project("{9A19103F-16F7-4668-BE54-9A1E7A4F7556}") = "Anonymous", "Anonymous\Anonymous.csproj", "{3B33C441-49FC-46D2-8941-7DCE74670069}"
EndProject
Project("{9A19103F-16F7-4668-BE54-9A1E7A4F7556}") = "Indexer", "Collection\Indexer.csproj", "{7F6A83E1-F01E-4450-BBB1-6C388699C1CD}"
EndProject
Project("{FAE04EC0-301F-11D3-BF4B-00C04F79EFBC}") = "Partial", "Partial\Partial.csproj", "{C85CD5B3-435D-4D49-A6FE-5B279AADED7A}"
EndProject
Global
	GlobalSection(SolutionConfigurationPlatforms) = preSolution
		Debug|Any CPU = Debug|Any CPU
		Release|Any CPU = Release|Any CPU
	EndGlobalSection
	GlobalSection(ProjectConfigurationPlatforms) = postSolution
		{E9B27846-5FB2-44F3-92F9-B6C85DDD7A76}.Debug|Any CPU.ActiveCfg = Debug|Any CPU
		{E9B27846-5FB2-44F3-92F9-B6C85DDD7A76}.Debug|Any CPU.Build.0 = Debug|Any CPU
		{E9B27846-5FB2-44F3-92F9-B6C85DDD7A76}.Release|Any CPU.ActiveCfg = Release|Any CPU
		{E9B27846-5FB2-44F3-92F9-B6C85DDD7A76}.Release|Any CPU.Build.0 = Release|Any CPU
		{45F4699E-746B-428D-BE3E-0DA1887A8D89}.Debug|Any CPU.ActiveCfg = Debug|Any CPU
		{45F4699E-746B-428D-BE3E-0DA1887A8D89}.Debug|Any CPU.Build.0 = Debug|Any CPU
		{45F4699E-746B-428D-BE3E-0DA1887A8D89}.Release|Any CPU.ActiveCfg = Release|Any CPU
		{45F4699E-746B-428D-BE3E-0DA1887A8D89}.Release|Any CPU.Build.0 = Release|Any CPU
		{1ADEB137-3336-4E21-B176-C94D24D86F35}.Debug|Any CPU.ActiveCfg = Debug|Any CPU
		{1ADEB137-3336-4E21-B176-C94D24D86F35}.Debug|Any CPU.Build.0 = Debug|Any CPU
		{1ADEB137-3336-4E21-B176-C94D24D86F35}.Release|Any CPU.ActiveCfg = Release|Any CPU
		{1ADEB137-3336-4E21-B176-C94D24D86F35}.Release|Any CPU.Build.0 = Release|Any CPU
		{DCB288FF-7233-43EB-BB73-B2768CAE7A21}.Debug|Any CPU.ActiveCfg = Debug|Any CPU
		{DCB288FF-7233-43EB-BB73-B2768CAE7A21}.Debug|Any CPU.Build.0 = Debug|Any CPU
		{DCB288FF-7233-43EB-BB73-B2768CAE7A21}.Release|Any CPU.ActiveCfg = Release|Any CPU
		{DCB288FF-7233-43EB-BB73-B2768CAE7A21}.Release|Any CPU.Build.0 = Release|Any CPU
		{944A4C26-D48B-4F0F-BF2F-AAD28DBE1BE0}.Debug|Any CPU.ActiveCfg = Debug|Any CPU
		{944A4C26-D48B-4F0F-BF2F-AAD28DBE1BE0}.Debug|Any CPU.Build.0 = Debug|Any CPU
		{944A4C26-D48B-4F0F-BF2F-AAD28DBE1BE0}.Release|Any CPU.ActiveCfg = Release|Any CPU
		{944A4C26-D48B-4F0F-BF2F-AAD28DBE1BE0}.Release|Any CPU.Build.0 = Release|Any CPU
		{A2028ABF-3532-4DED-8487-6898C76A7B5D}.Debug|Any CPU.ActiveCfg = Debug|Any CPU
		{A2028ABF-3532-4DED-8487-6898C76A7B5D}.Debug|Any CPU.Build.0 = Debug|Any CPU
		{A2028ABF-3532-4DED-8487-6898C76A7B5D}.Release|Any CPU.ActiveCfg = Release|Any CPU
		{A2028ABF-3532-4DED-8487-6898C76A7B5D}.Release|Any CPU.Build.0 = Release|Any CPU
		{E593040F-A373-46EB-A149-536A85ED06FB}.Debug|Any CPU.ActiveCfg = Debug|Any CPU
		{E593040F-A373-46EB-A149-536A85ED06FB}.Debug|Any CPU.Build.0 = Debug|Any CPU
		{E593040F-A373-46EB-A149-536A85ED06FB}.Release|Any CPU.ActiveCfg = Release|Any CPU
		{E593040F-A373-46EB-A149-536A85ED06FB}.Release|Any CPU.Build.0 = Release|Any CPU
		{D53F41C8-E6A3-41E0-95B8-81BCF7F5D727}.Debug|Any CPU.ActiveCfg = Debug|Any CPU
		{D53F41C8-E6A3-41E0-95B8-81BCF7F5D727}.Debug|Any CPU.Build.0 = Debug|Any CPU
		{D53F41C8-E6A3-41E0-95B8-81BCF7F5D727}.Release|Any CPU.ActiveCfg = Release|Any CPU
		{D53F41C8-E6A3-41E0-95B8-81BCF7F5D727}.Release|Any CPU.Build.0 = Release|Any CPU
		{0D568DB4-E3E9-4162-8A75-E8A9C29C50AF}.Debug|Any CPU.ActiveCfg = Debug|Any CPU
		{0D568DB4-E3E9-4162-8A75-E8A9C29C50AF}.Debug|Any CPU.Build.0 = Debug|Any CPU
		{0D568DB4-E3E9-4162-8A75-E8A9C29C50AF}.Release|Any CPU.ActiveCfg = Release|Any CPU
		{0D568DB4-E3E9-4162-8A75-E8A9C29C50AF}.Release|Any CPU.Build.0 = Release|Any CPU
		{A0A6846D-212C-4952-BD07-BEA8C133729E}.Debug|Any CPU.ActiveCfg = Debug|Any CPU
		{A0A6846D-212C-4952-BD07-BEA8C133729E}.Debug|Any CPU.Build.0 = Debug|Any CPU
		{A0A6846D-212C-4952-BD07-BEA8C133729E}.Release|Any CPU.ActiveCfg = Release|Any CPU
		{A0A6846D-212C-4952-BD07-BEA8C133729E}.Release|Any CPU.Build.0 = Release|Any CPU
		{3B33C441-49FC-46D2-8941-7DCE74670069}.Debug|Any CPU.ActiveCfg = Debug|Any CPU
		{3B33C441-49FC-46D2-8941-7DCE74670069}.Debug|Any CPU.Build.0 = Debug|Any CPU
		{3B33C441-49FC-46D2-8941-7DCE74670069}.Release|Any CPU.ActiveCfg = Release|Any CPU
		{3B33C441-49FC-46D2-8941-7DCE74670069}.Release|Any CPU.Build.0 = Release|Any CPU
		{7F6A83E1-F01E-4450-BBB1-6C388699C1CD}.Debug|Any CPU.ActiveCfg = Debug|Any CPU
		{7F6A83E1-F01E-4450-BBB1-6C388699C1CD}.Debug|Any CPU.Build.0 = Debug|Any CPU
		{7F6A83E1-F01E-4450-BBB1-6C388699C1CD}.Release|Any CPU.ActiveCfg = Release|Any CPU
		{7F6A83E1-F01E-4450-BBB1-6C388699C1CD}.Release|Any CPU.Build.0 = Release|Any CPU
		{C85CD5B3-435D-4D49-A6FE-5B279AADED7A}.Debug|Any CPU.ActiveCfg = Debug|Any CPU
		{C85CD5B3-435D-4D49-A6FE-5B279AADED7A}.Debug|Any CPU.Build.0 = Debug|Any CPU
		{C85CD5B3-435D-4D49-A6FE-5B279AADED7A}.Release|Any CPU.ActiveCfg = Release|Any CPU
		{C85CD5B3-435D-4D49-A6FE-5B279AADED7A}.Release|Any CPU.Build.0 = Release|Any CPU
	EndGlobalSection
	GlobalSection(SolutionProperties) = preSolution
		HideSolutionNode = FALSE
	EndGlobalSection
	GlobalSection(ExtensibilityGlobals) = postSolution
		SolutionGuid = {E650BF66-2740-4F10-8E67-9BA7C15BC51E}
	EndGlobalSection
EndGlobal
